
Microsoft Visual Studio Solution File, Format Version 12.00
# Visual Studio Version 16
VisualStudioVersion = 16.0.31911.196
MinimumVisualStudioVersion = 10.0.40219.1
Project("{FAE04EC0-301F-11D3-BF4B-00C04F79EFBC}") = "Passoporala Oyunu", "Passoporala Oyunu\Passoporala Oyunu.csproj", "{44FCFEE4-5FD1-4BF9-B916-C0064032C423}"
EndProject
Global
	GlobalSection(SolutionConfigurationPlatforms) = preSolution
		Debug|Any CPU = Debug|Any CPU
		Release|Any CPU = Release|Any CPU
	EndGlobalSection
	GlobalSection(ProjectConfigurationPlatforms) = postSolution
		{44FCFEE4-5FD1-4BF9-B916-C0064032C423}.Debug|Any CPU.ActiveCfg = Debug|Any CPU
		{44FCFEE4-5FD1-4BF9-B916-C0064032C423}.Debug|Any CPU.Build.0 = Debug|Any CPU
		{44FCFEE4-5FD1-4BF9-B916-C0064032C423}.Release|Any CPU.ActiveCfg = Release|Any CPU
		{44FCFEE4-5FD1-4BF9-B916-C0064032C423}.Release|Any CPU.Build.0 = Release|Any CPU
	EndGlobalSection
	GlobalSection(SolutionProperties) = preSolution
		HideSolutionNode = FALSE
	EndGlobalSection
	GlobalSection(ExtensibilityGlobals) = postSolution
		SolutionGuid = {E0457789-640F-4253-AE52-3612FD9AC602}
	EndGlobalSection
EndGlobal
